
Microsoft Visual Studio Solution File, Format Version 12.00
# Visual Studio Version 16
VisualStudioVersion = 16.0.29920.165
MinimumVisualStudioVersion = 10.0.40219.1
Project("{FAE04EC0-301F-11D3-BF4B-00C04F79EFBC}") = "Pruebaaa", "Pruebaaa\Pruebaaa.csproj", "{B58B162B-3026-4CCF-BDDF-C5AA5C9FC681}"
EndProject
Global
	GlobalSection(SolutionConfigurationPlatforms) = preSolution
		Debug|Any CPU = Debug|Any CPU
		Release|Any CPU = Release|Any CPU
	EndGlobalSection
	GlobalSection(ProjectConfigurationPlatforms) = postSolution
		{B58B162B-3026-4CCF-BDDF-C5AA5C9FC681}.Debug|Any CPU.ActiveCfg = Debug|Any CPU
		{B58B162B-3026-4CCF-BDDF-C5AA5C9FC681}.Debug|Any CPU.Build.0 = Debug|Any CPU
		{B58B162B-3026-4CCF-BDDF-C5AA5C9FC681}.Release|Any CPU.ActiveCfg = Release|Any CPU
		{B58B162B-3026-4CCF-BDDF-C5AA5C9FC681}.Release|Any CPU.Build.0 = Release|Any CPU
	EndGlobalSection
	GlobalSection(SolutionProperties) = preSolution
		HideSolutionNode = FALSE
	EndGlobalSection
	GlobalSection(ExtensibilityGlobals) = postSolution
		SolutionGuid = {21766594-767E-4B7E-B799-39ED1553A710}
	EndGlobalSection
EndGlobal
